
Microsoft Visual Studio Solution File, Format Version 12.00
# Visual Studio Version 17
VisualStudioVersion = 17.8.34004.107
MinimumVisualStudioVersion = 10.0.40219.1
Project("{FAE04EC0-301F-11D3-BF4B-00C04F79EFBC}") = "Greg", "Greg\Greg.csproj", "{FDD27330-5026-4B1A-B6FD-17488A736224}"
EndProject
Global
	GlobalSection(SolutionConfigurationPlatforms) = preSolution
		Debug|Any CPU = Debug|Any CPU
		Release|Any CPU = Release|Any CPU
	EndGlobalSection
	GlobalSection(ProjectConfigurationPlatforms) = postSolution
		{FDD27330-5026-4B1A-B6FD-17488A736224}.Debug|Any CPU.ActiveCfg = Debug|Any CPU
		{FDD27330-5026-4B1A-B6FD-17488A736224}.Debug|Any CPU.Build.0 = Debug|Any CPU
		{FDD27330-5026-4B1A-B6FD-17488A736224}.Release|Any CPU.ActiveCfg = Release|Any CPU
		{FDD27330-5026-4B1A-B6FD-17488A736224}.Release|Any CPU.Build.0 = Release|Any CPU
	EndGlobalSection
	GlobalSection(SolutionProperties) = preSolution
		HideSolutionNode = FALSE
	EndGlobalSection
	GlobalSection(ExtensibilityGlobals) = postSolution
		SolutionGuid = {C6DBAD41-FF6F-4DB0-BE6A-CE7A58A5D4B2}
	EndGlobalSection
EndGlobal
