
Microsoft Visual Studio Solution File, Format Version 12.00
# Visual Studio Version 17
VisualStudioVersion = 17.8.34004.107
MinimumVisualStudioVersion = 10.0.40219.1
Project("{9A19103F-16F7-4668-BE54-9A1E7A4F7556}") = "Izumi", "Izumi.csproj", "{8197A127-6AE0-4317-844A-7FB29F2A8450}"
EndProject
Global
	GlobalSection(SolutionConfigurationPlatforms) = preSolution
		Debug|Any CPU = Debug|Any CPU
		Release|Any CPU = Release|Any CPU
	EndGlobalSection
	GlobalSection(ProjectConfigurationPlatforms) = postSolution
		{8197A127-6AE0-4317-844A-7FB29F2A8450}.Debug|Any CPU.ActiveCfg = Debug|Any CPU
		{8197A127-6AE0-4317-844A-7FB29F2A8450}.Debug|Any CPU.Build.0 = Debug|Any CPU
		{8197A127-6AE0-4317-844A-7FB29F2A8450}.Release|Any CPU.ActiveCfg = Release|Any CPU
		{8197A127-6AE0-4317-844A-7FB29F2A8450}.Release|Any CPU.Build.0 = Release|Any CPU
	EndGlobalSection
	GlobalSection(SolutionProperties) = preSolution
		HideSolutionNode = FALSE
	EndGlobalSection
	GlobalSection(ExtensibilityGlobals) = postSolution
		SolutionGuid = {89831284-4DD4-4067-B889-A50225902FD4}
	EndGlobalSection
EndGlobal
